
Microsoft Visual Studio Solution File, Format Version 12.00
# Visual Studio Version 17
VisualStudioVersion = 17.4.33205.214
MinimumVisualStudioVersion = 10.0.40219.1
Project("{9A19103F-16F7-4668-BE54-9A1E7A4F7556}") = "SPYoyoMod", "SPYoyoMod.csproj", "{5A38FFA7-206A-401A-A241-10B7CDB7FAA6}"
EndProject
Global
	GlobalSection(SolutionConfigurationPlatforms) = preSolution
		Debug|Any CPU = Debug|Any CPU
		Release|Any CPU = Release|Any CPU
	EndGlobalSection
	GlobalSection(ProjectConfigurationPlatforms) = postSolution
		{5A38FFA7-206A-401A-A241-10B7CDB7FAA6}.Debug|Any CPU.ActiveCfg = Debug|Any CPU
		{5A38FFA7-206A-401A-A241-10B7CDB7FAA6}.Debug|Any CPU.Build.0 = Debug|Any CPU
		{5A38FFA7-206A-401A-A241-10B7CDB7FAA6}.Release|Any CPU.ActiveCfg = Release|Any CPU
		{5A38FFA7-206A-401A-A241-10B7CDB7FAA6}.Release|Any CPU.Build.0 = Release|Any CPU
	EndGlobalSection
	GlobalSection(SolutionProperties) = preSolution
		HideSolutionNode = FALSE
	EndGlobalSection
	GlobalSection(ExtensibilityGlobals) = postSolution
		SolutionGuid = {6FB3CD05-F580-4C74-8362-A7C87545A6D7}
	EndGlobalSection
EndGlobal
